
Microsoft Visual Studio Solution File, Format Version 12.00
# Visual Studio Version 16
VisualStudioVersion = 16.0.29709.97
MinimumVisualStudioVersion = 10.0.40219.1
Project("{FAE04EC0-301F-11D3-BF4B-00C04F79EFBC}") = "European Calculator", "European Calculator.csproj", "{1D61DD47-CA8A-4100-9AA9-8A2D978C9879}"
EndProject
Global
	GlobalSection(SolutionConfigurationPlatforms) = preSolution
		Debug|Any CPU = Debug|Any CPU
		Release|Any CPU = Release|Any CPU
	EndGlobalSection
	GlobalSection(ProjectConfigurationPlatforms) = postSolution
		{1D61DD47-CA8A-4100-9AA9-8A2D978C9879}.Debug|Any CPU.ActiveCfg = Debug|Any CPU
		{1D61DD47-CA8A-4100-9AA9-8A2D978C9879}.Debug|Any CPU.Build.0 = Debug|Any CPU
		{1D61DD47-CA8A-4100-9AA9-8A2D978C9879}.Release|Any CPU.ActiveCfg = Release|Any CPU
		{1D61DD47-CA8A-4100-9AA9-8A2D978C9879}.Release|Any CPU.Build.0 = Release|Any CPU
	EndGlobalSection
	GlobalSection(SolutionProperties) = preSolution
		HideSolutionNode = FALSE
	EndGlobalSection
	GlobalSection(ExtensibilityGlobals) = postSolution
		SolutionGuid = {30AE1972-B5C0-4A58-9B52-281E8DE19729}
	EndGlobalSection
EndGlobal
